// !$*UTF8*$!
{
	archiveVersion = 1;
	classes = {
	};
	objectVersion = 46;
	objects = {

/* Begin PBXBuildFile section */
		2D3CF9841F429C1B00099FB2 /* TestViewController.swift in Sources */ = {isa = PBXBuildFile; fileRef = 2D3CF9831F429C1B00099FB2 /* TestViewController.swift */; };
		2D3CF9861F429C8200099FB2 /* TestViewController.xib in Resources */ = {isa = PBXBuildFile; fileRef = 2D3CF9851F429C8200099FB2 /* TestViewController.xib */; };
		2D5E900D1F3D92890046AFF3 /* AppDelegate.swift in Sources */ = {isa = PBXBuildFile; fileRef = 2D5E900C1F3D92890046AFF3 /* AppDelegate.swift */; };
		2D5E900F1F3D92890046AFF3 /* ViewController.swift in Sources */ = {isa = PBXBuildFile; fileRef = 2D5E900E1F3D92890046AFF3 /* ViewController.swift */; };
		2D5E90121F3D92890046AFF3 /* Main.storyboard in Resources */ = {isa = PBXBuildFile; fileRef = 2D5E90101F3D92890046AFF3 /* Main.storyboard */; };
		2D5E90141F3D92890046AFF3 /* Assets.xcassets in Resources */ = {isa = PBXBuildFile; fileRef = 2D5E90131F3D92890046AFF3 /* Assets.xcassets */; };
		2D5E90171F3D92890046AFF3 /* LaunchScreen.storyboard in Resources */ = {isa = PBXBuildFile; fileRef = 2D5E90151F3D92890046AFF3 /* LaunchScreen.storyboard */; };
		2D5E901F1F3D92C70046AFF3 /* FirstView.swift in Sources */ = {isa = PBXBuildFile; fileRef = 2D5E901E1F3D92C70046AFF3 /* FirstView.swift */; };
		2D5E90211F3D92CF0046AFF3 /* FirstView.xib in Resources */ = {isa = PBXBuildFile; fileRef = 2D5E90201F3D92CF0046AFF3 /* FirstView.xib */; };
/* End PBXBuildFile section */

/* Begin PBXFileReference section */
		2D3CF9831F429C1B00099FB2 /* TestViewController.swift */ = {isa = PBXFileReference; fileEncoding = 4; lastKnownFileType = sourcecode.swift; path = TestViewController.swift; sourceTree = "<group>"; };
		2D3CF9851F429C8200099FB2 /* TestViewController.xib */ = {isa = PBXFileReference; fileEncoding = 4; lastKnownFileType = file.xib; path = TestViewController.xib; sourceTree = "<group>"; };
		2D5E90091F3D92890046AFF3 /* swift-protocol.app */ = {isa = PBXFileReference; explicitFileType = wrapper.application; includeInIndex = 0; path = "swift-protocol.app"; sourceTree = BUILT_PRODUCTS_DIR; };
		2D5E900C1F3D92890046AFF3 /* AppDelegate.swift */ = {isa = PBXFileReference; lastKnownFileType = sourcecode.swift; path = AppDelegate.swift; sourceTree = "<group>"; };
		2D5E900E1F3D92890046AFF3 /* ViewController.swift */ = {isa = PBXFileReference; lastKnownFileType = sourcecode.swift; path = ViewController.swift; sourceTree = "<group>"; };
		2D5E90111F3D92890046AFF3 /* Base */ = {isa = PBXFileReference; lastKnownFileType = file.storyboard; name = Base; path = Base.lproj/Main.storyboard; sourceTree = "<group>"; };
		2D5E90131F3D92890046AFF3 /* Assets.xcassets */ = {isa = PBXFileReference; lastKnownFileType = folder.assetcatalog; path = Assets.xcassets; sourceTree = "<group>"; };
		2D5E90161F3D92890046AFF3 /* Base */ = {isa = PBXFileReference; lastKnownFileType = file.storyboard; name = Base; path = Base.lproj/LaunchScreen.storyboard; sourceTree = "<group>"; };
		2D5E90181F3D92890046AFF3 /* Info.plist */ = {isa = PBXFileReference; lastKnownFileType = text.plist.xml; path = Info.plist; sourceTree = "<group>"; };
		2D5E901E1F3D92C70046AFF3 /* FirstView.swift */ = {isa = PBXFileReference; fileEncoding = 4; lastKnownFileType = sourcecode.swift; path = FirstView.swift; sourceTree = "<group>"; };
		2D5E90201F3D92CF0046AFF3 /* FirstView.xib */ = {isa = PBXFileReference; fileEncoding = 4; lastKnownFileType = file.xib; path = FirstView.xib; sourceTree = "<group>"; };
/* End PBXFileReference section */

/* Begin PBXFrameworksBuildPhase section */
		2D5E90061F3D92890046AFF3 /* Frameworks */ = {
			isa = PBXFrameworksBuildPhase;
			buildActionMask = 2147483647;
			files = (
			);
			runOnlyForDeploymentPostprocessing = 0;
		};
/* End PBXFrameworksBuildPhase section */

/* Begin PBXGroup section */
		2D5E90001F3D92890046AFF3 = {
			isa = PBXGroup;
			children = (
				2D5E900B1F3D92890046AFF3 /* swift-protocol */,
				2D5E900A1F3D92890046AFF3 /* Products */,
			);
			sourceTree = "<group>";
		};
		2D5E900A1F3D92890046AFF3 /* Products */ = {
			isa = PBXGroup;
			children = (
				2D5E90091F3D92890046AFF3 /* swift-protocol.app */,
			);
			name = Products;
			sourceTree = "<group>";
		};
		2D5E900B1F3D92890046AFF3 /* swift-protocol */ = {
			isa = PBXGroup;
			children = (
				2D5E900C1F3D92890046AFF3 /* AppDelegate.swift */,
				2D5E900E1F3D92890046AFF3 /* ViewController.swift */,
				2D3CF9831F429C1B00099FB2 /* TestViewController.swift */,
				2D3CF9851F429C8200099FB2 /* TestViewController.xib */,
				2D5E901E1F3D92C70046AFF3 /* FirstView.swift */,
				2D5E90201F3D92CF0046AFF3 /* FirstView.xib */,
				2D5E90101F3D92890046AFF3 /* Main.storyboard */,
				2D5E90131F3D92890046AFF3 /* Assets.xcassets */,
				2D5E90151F3D92890046AFF3 /* LaunchScreen.storyboard */,
				2D5E90181F3D92890046AFF3 /* Info.plist */,
			);
			path = "swift-protocol";
			sourceTree = "<group>";
		};
/* End PBXGroup section */

/* Begin PBXNativeTarget section */
		2D5E90081F3D92890046AFF3 /* swift-protocol */ = {
			isa = PBXNativeTarget;
			buildConfigurationList = 2D5E901B1F3D92890046AFF3 /* Build configuration list for PBXNativeTarget "swift-protocol" */;
			buildPhases = (
				2D5E90051F3D92890046AFF3 /* Sources */,
				2D5E90061F3D92890046AFF3 /* Frameworks */,
				2D5E90071F3D92890046AFF3 /* Resources */,
			);
			buildRules = (
			);
			dependencies = (
			);
			name = "swift-protocol";
			productName = "swift-protocol";
			productReference = 2D5E90091F3D92890046AFF3 /* swift-protocol.app */;
			productType = "com.apple.product-type.application";
		};
/* End PBXNativeTarget section */

/* Begin PBXProject section */
		2D5E90011F3D92890046AFF3 /* Project object */ = {
			isa = PBXProject;
			attributes = {
				LastSwiftUpdateCheck = 0830;
				LastUpgradeCheck = 0830;
				ORGANIZATIONNAME = "陈旭";
				TargetAttributes = {
					2D5E90081F3D92890046AFF3 = {
						CreatedOnToolsVersion = 8.3.2;
						ProvisioningStyle = Automatic;
					};
				};
			};
			buildConfigurationList = 2D5E90041F3D92890046AFF3 /* Build configuration list for PBXProject "swift-protocol" */;
			compatibilityVersion = "Xcode 3.2";
			developmentRegion = English;
			hasScannedForEncodings = 0;
			knownRegions = (
				en,
				Base,
			);
			mainGroup = 2D5E90001F3D92890046AFF3;
			productRefGroup = 2D5E900A1F3D92890046AFF3 /* Products */;
			projectDirPath = "";
			projectRoot = "";
			targets = (
				2D5E90081F3D92890046AFF3 /* swift-protocol */,
			);
		};
/* End PBXProject section */

/* Begin PBXResourcesBuildPhase section */
		2D5E90071F3D92890046AFF3 /* Resources */ = {
			isa = PBXResourcesBuildPhase;
			buildActionMask = 2147483647;
			files = (
				2D5E90171F3D92890046AFF3 /* LaunchScreen.storyboard in Resources */,
				2D3CF9861F429C8200099FB2 /* TestViewController.xib in Resources */,
				2D5E90211F3D92CF0046AFF3 /* FirstView.xib in Resources */,
				2D5E90141F3D92890046AFF3 /* Assets.xcassets in Resources */,
				2D5E90121F3D92890046AFF3 /* Main.storyboard in Resources */,
			);
			runOnlyForDeploymentPostprocessing = 0;
		};
/* End PBXResourcesBuildPhase section */

/* Begin PBXSourcesBuildPhase section */
		2D5E90051F3D92890046AFF3 /* Sources */ = {
			isa = PBXSourcesBuildPhase;
			buildActionMask = 2147483647;
			files = (
				2D5E900F1F3D92890046AFF3 /* ViewController.swift in Sources */,
				2D5E901F1F3D92C70046AFF3 /* FirstView.swift in Sources */,
				2D3CF9841F429C1B00099FB2 /* TestViewController.swift in Sources */,
				2D5E900D1F3D92890046AFF3 /* AppDelegate.swift in Sources */,
			);
			runOnlyForDeploymentPostprocessing = 0;
		};
/* End PBXSourcesBuildPhase section */

/* Begin PBXVariantGroup section */
		2D5E90101F3D92890046AFF3 /* Main.storyboard */ = {
			isa = PBXVariantGroup;
			children = (
				2D5E90111F3D92890046AFF3 /* Base */,
			);
			name = Main.storyboard;
			sourceTree = "<group>";
		};
		2D5E90151F3D92890046AFF3 /* LaunchScreen.storyboard */ = {
			isa = PBXVariantGroup;
			children = (
				2D5E90161F3D92890046AFF3 /* Base */,
			);
			name = LaunchScreen.storyboard;
			sourceTree = "<group>";
		};
/* End PBXVariantGroup section */

/* Begin XCBuildConfiguration section */
		2D5E90191F3D92890046AFF3 /* Debug */ = {
			isa = XCBuildConfiguration;
			buildSettings = {
				ALWAYS_SEARCH_USER_PATHS = NO;
				CLANG_ANALYZER_NONNULL = YES;
				CLANG_ANALYZER_NUMBER_OBJECT_CONVERSION = YES_AGGRESSIVE;
				CLANG_CXX_LANGUAGE_STANDARD = "gnu++0x";
				CLANG_CXX_LIBRARY = "libc++";
				CLANG_ENABLE_MODULES = YES;
				CLANG_ENABLE_OBJC_ARC = YES;
				CLANG_WARN_BOOL_CONVERSION = YES;
				CLANG_WARN_CONSTANT_CONVERSION = YES;
				CLANG_WARN_DIRECT_OBJC_ISA_USAGE = YES_ERROR;
				CLANG_WARN_DOCUMENTATION_COMMENTS = YES;
				CLANG_WARN_EMPTY_BODY = YES;
				CLANG_WARN_ENUM_CONVERSION = YES;
				CLANG_WARN_INFINITE_RECURSION = YES;
				CLANG_WARN_INT_CONVERSION = YES;
				CLANG_WARN_OBJC_ROOT_CLASS = YES_ERROR;
				CLANG_WARN_SUSPICIOUS_MOVE = YES;
				CLANG_WARN_UNREACHABLE_CODE = YES;
				CLANG_WARN__DUPLICATE_METHOD_MATCH = YES;
				"CODE_SIGN_IDENTITY[sdk=iphoneos*]" = "iPhone Developer";
				COPY_PHASE_STRIP = NO;
				DEBUG_INFORMATION_FORMAT = dwarf;
				ENABLE_STRICT_OBJC_MSGSEND = YES;
				ENABLE_TESTABILITY = YES;
				GCC_C_LANGUAGE_STANDARD = gnu99;
				GCC_DYNAMIC_NO_PIC = NO;
				GCC_NO_COMMON_BLOCKS = YES;
				GCC_OPTIMIZATION_LEVEL = 0;
				GCC_PREPROCESSOR_DEFINITIONS = (
					"DEBUG=1",
					"$(inherited)",
				);
				GCC_WARN_64_TO_32_BIT_CONVERSION = YES;
				GCC_WARN_ABOUT_RETURN_TYPE = YES_ERROR;
				GCC_WARN_UNDECLARED_SELECTOR = YES;
				GCC_WARN_UNINITIALIZED_AUTOS = YES_AGGRESSIVE;
				GCC_WARN_UNUSED_FUNCTION = YES;
				GCC_WARN_UNUSED_VARIABLE = YES;
				IPHONEOS_DEPLOYMENT_TARGET = 10.3;
				MTL_ENABLE_DEBUG_INFO = YES;
				ONLY_ACTIVE_ARCH = YES;
				SDKROOT = iphoneos;
				SWIFT_ACTIVE_COMPILATION_CONDITIONS = DEBUG;
				SWIFT_OPTIMIZATION_LEVEL = "-Onone";
			};
			name = Debug;
		};
		2D5E901A1F3D92890046AFF3 /* Release */ = {
			isa = XCBuildConfiguration;
			buildSettings = {
				ALWAYS_SEARCH_USER_PATHS = NO;
				CLANG_ANALYZER_NONNULL = YES;
				CLANG_ANALYZER_NUMBER_OBJECT_CONVERSION = YES_AGGRESSIVE;
				CLANG_CXX_LANGUAGE_STANDARD = "gnu++0x";
				CLANG_CXX_LIBRARY = "libc++";
				CLANG_ENABLE_MODULES = YES;
				CLANG_ENABLE_OBJC_ARC = YES;
				CLANG_WARN_BOOL_CONVERSION = YES;
				CLANG_WARN_CONSTANT_CONVERSION = YES;
				CLANG_WARN_DIRECT_OBJC_ISA_USAGE = YES_ERROR;
				CLANG_WARN_DOCUMENTATION_COMMENTS = YES;
				CLANG_WARN_EMPTY_BODY = YES;
				CLANG_WARN_ENUM_CONVERSION = YES;
				CLANG_WARN_INFINITE_RECURSION = YES;
				CLANG_WARN_INT_CONVERSION = YES;
				CLANG_WARN_OBJC_ROOT_CLASS = YES_ERROR;
				CLANG_WARN_SUSPICIOUS_MOVE = YES;
				CLANG_WARN_UNREACHABLE_CODE = YES;
				CLANG_WARN__DUPLICATE_METHOD_MATCH = YES;
				"CODE_SIGN_IDENTITY[sdk=iphoneos*]" = "iPhone Developer";
				COPY_PHASE_STRIP = NO;
				DEBUG_INFORMATION_FORMAT = "dwarf-with-dsym";
				ENABLE_NS_ASSERTIONS = NO;
				ENABLE_STRICT_OBJC_MSGSEND = YES;
				GCC_C_LANGUAGE_STANDARD = gnu99;
				GCC_NO_COMMON_BLOCKS = YES;
				GCC_WARN_64_TO_32_BIT_CONVERSION = YES;
				GCC_WARN_ABOUT_RETURN_TYPE = YES_ERROR;
				GCC_WARN_UNDECLARED_SELECTOR = YES;
				GCC_WARN_UNINITIALIZED_AUTOS = YES_AGGRESSIVE;
				GCC_WARN_UNUSED_FUNCTION = YES;
				GCC_WARN_UNUSED_VARIABLE = YES;
				IPHONEOS_DEPLOYMENT_TARGET = 10.3;
				MTL_ENABLE_DEBUG_INFO = NO;
				SDKROOT = iphoneos;
				SWIFT_OPTIMIZATION_LEVEL = "-Owholemodule";
				VALIDATE_PRODUCT = YES;
			};
			name = Release;
		};
		2D5E901C1F3D92890046AFF3 /* Debug */ = {
			isa = XCBuildConfiguration;
			buildSettings = {
				ASSETCATALOG_COMPILER_APPICON_NAME = AppIcon;
				INFOPLIST_FILE = "swift-protocol/Info.plist";
				LD_RUNPATH_SEARCH_PATHS = "$(inherited) @executable_path/Frameworks";
				PRODUCT_BUNDLE_IDENTIFIER = "WOW.swift-protocol";
				PRODUCT_NAME = "$(TARGET_NAME)";
				SWIFT_VERSION = 3.0;
			};
			name = Debug;
		};
		2D5E901D1F3D92890046AFF3 /* Release */ = {
			isa = XCBuildConfiguration;
			buildSettings = {
				ASSETCATALOG_COMPILER_APPICON_NAME = AppIcon;
				INFOPLIST_FILE = "swift-protocol/Info.plist";
				LD_RUNPATH_SEARCH_PATHS = "$(inherited) @executable_path/Frameworks";
				PRODUCT_BUNDLE_IDENTIFIER = "WOW.swift-protocol";
				PRODUCT_NAME = "$(TARGET_NAME)";
				SWIFT_VERSION = 3.0;
			};
			name = Release;
		};
/* End XCBuildConfiguration section */

/* Begin XCConfigurationList section */
		2D5E90041F3D92890046AFF3 /* Build configuration list for PBXProject "swift-protocol" */ = {
			isa = XCConfigurationList;
			buildConfigurations = (
				2D5E90191F3D92890046AFF3 /* Debug */,
				2D5E901A1F3D92890046AFF3 /* Release */,
			);
			defaultConfigurationIsVisible = 0;
			defaultConfigurationName = Release;
		};
		2D5E901B1F3D92890046AFF3 /* Build configuration list for PBXNativeTarget "swift-protocol" */ = {
			isa = XCConfigurationList;
			buildConfigurations = (
				2D5E901C1F3D92890046AFF3 /* Debug */,
				2D5E901D1F3D92890046AFF3 /* Release */,
			);
			defaultConfigurationIsVisible = 0;
			defaultConfigurationName = Release;
		};
/* End XCConfigurationList section */
	};
	rootObject = 2D5E90011F3D92890046AFF3 /* Project object */;
}
