// !$*UTF8*$!
{
	archiveVersion = 1;
	classes = {
	};
	objectVersion = 46;
	objects = {

/* Begin PBXBuildFile section */
		2D26FCFB1E236C47006D75F4 /* AppDelegate.swift in Sources */ = {isa = PBXBuildFile; fileRef = 2D26FCFA1E236C47006D75F4 /* AppDelegate.swift */; };
		2D26FCFD1E236C47006D75F4 /* ViewController.swift in Sources */ = {isa = PBXBuildFile; fileRef = 2D26FCFC1E236C47006D75F4 /* ViewController.swift */; };
		2D26FD001E236C47006D75F4 /* Main.storyboard in Resources */ = {isa = PBXBuildFile; fileRef = 2D26FCFE1E236C47006D75F4 /* Main.storyboard */; };
		2D26FD021E236C47006D75F4 /* Assets.xcassets in Resources */ = {isa = PBXBuildFile; fileRef = 2D26FD011E236C47006D75F4 /* Assets.xcassets */; };
		2D26FD051E236C47006D75F4 /* LaunchScreen.storyboard in Resources */ = {isa = PBXBuildFile; fileRef = 2D26FD031E236C47006D75F4 /* LaunchScreen.storyboard */; };
		2D26FD101E236C47006D75F4 /* JSPatchDemo_SwiftUITests.swift in Sources */ = {isa = PBXBuildFile; fileRef = 2D26FD0F1E236C47006D75F4 /* JSPatchDemo_SwiftUITests.swift */; };
		2D26FD1B1E236E1F006D75F4 /* JavaScriptCore.framework in Frameworks */ = {isa = PBXBuildFile; fileRef = 2D26FD1A1E236E1F006D75F4 /* JavaScriptCore.framework */; };
		2D26FD1D1E236E25006D75F4 /* libz.tbd in Frameworks */ = {isa = PBXBuildFile; fileRef = 2D26FD1C1E236E25006D75F4 /* libz.tbd */; };
		3A8A09C30F0716721E24D1ED /* Pods_JSPatchDemo_Swift.framework in Frameworks */ = {isa = PBXBuildFile; fileRef = B583FCBF333FEBD38763842A /* Pods_JSPatchDemo_Swift.framework */; };
/* End PBXBuildFile section */

/* Begin PBXContainerItemProxy section */
		2D26FD0C1E236C47006D75F4 /* PBXContainerItemProxy */ = {
			isa = PBXContainerItemProxy;
			containerPortal = 2D26FCEF1E236C47006D75F4 /* Project object */;
			proxyType = 1;
			remoteGlobalIDString = 2D26FCF61E236C47006D75F4;
			remoteInfo = "JSPatchDemo-Swift";
		};
/* End PBXContainerItemProxy section */

/* Begin PBXFileReference section */
		2D26FCF71E236C47006D75F4 /* JSPatchDemo-Swift.app */ = {isa = PBXFileReference; explicitFileType = wrapper.application; includeInIndex = 0; path = "JSPatchDemo-Swift.app"; sourceTree = BUILT_PRODUCTS_DIR; };
		2D26FCFA1E236C47006D75F4 /* AppDelegate.swift */ = {isa = PBXFileReference; lastKnownFileType = sourcecode.swift; path = AppDelegate.swift; sourceTree = "<group>"; };
		2D26FCFC1E236C47006D75F4 /* ViewController.swift */ = {isa = PBXFileReference; lastKnownFileType = sourcecode.swift; path = ViewController.swift; sourceTree = "<group>"; };
		2D26FCFF1E236C47006D75F4 /* Base */ = {isa = PBXFileReference; lastKnownFileType = file.storyboard; name = Base; path = Base.lproj/Main.storyboard; sourceTree = "<group>"; };
		2D26FD011E236C47006D75F4 /* Assets.xcassets */ = {isa = PBXFileReference; lastKnownFileType = folder.assetcatalog; path = Assets.xcassets; sourceTree = "<group>"; };
		2D26FD041E236C47006D75F4 /* Base */ = {isa = PBXFileReference; lastKnownFileType = file.storyboard; name = Base; path = Base.lproj/LaunchScreen.storyboard; sourceTree = "<group>"; };
		2D26FD061E236C47006D75F4 /* Info.plist */ = {isa = PBXFileReference; lastKnownFileType = text.plist.xml; path = Info.plist; sourceTree = "<group>"; };
		2D26FD0B1E236C47006D75F4 /* JSPatchDemo-SwiftUITests.xctest */ = {isa = PBXFileReference; explicitFileType = wrapper.cfbundle; includeInIndex = 0; path = "JSPatchDemo-SwiftUITests.xctest"; sourceTree = BUILT_PRODUCTS_DIR; };
		2D26FD0F1E236C47006D75F4 /* JSPatchDemo_SwiftUITests.swift */ = {isa = PBXFileReference; lastKnownFileType = sourcecode.swift; path = JSPatchDemo_SwiftUITests.swift; sourceTree = "<group>"; };
		2D26FD111E236C47006D75F4 /* Info.plist */ = {isa = PBXFileReference; lastKnownFileType = text.plist.xml; path = Info.plist; sourceTree = "<group>"; };
		2D26FD1A1E236E1F006D75F4 /* JavaScriptCore.framework */ = {isa = PBXFileReference; lastKnownFileType = wrapper.framework; name = JavaScriptCore.framework; path = System/Library/Frameworks/JavaScriptCore.framework; sourceTree = SDKROOT; };
		2D26FD1C1E236E25006D75F4 /* libz.tbd */ = {isa = PBXFileReference; lastKnownFileType = "sourcecode.text-based-dylib-definition"; name = libz.tbd; path = usr/lib/libz.tbd; sourceTree = SDKROOT; };
		B583FCBF333FEBD38763842A /* Pods_JSPatchDemo_Swift.framework */ = {isa = PBXFileReference; explicitFileType = wrapper.framework; includeInIndex = 0; path = Pods_JSPatchDemo_Swift.framework; sourceTree = BUILT_PRODUCTS_DIR; };
		DC7ACA80A57CAAAC6A0B53E9 /* Pods-JSPatchDemo-Swift.release.xcconfig */ = {isa = PBXFileReference; includeInIndex = 1; lastKnownFileType = text.xcconfig; name = "Pods-JSPatchDemo-Swift.release.xcconfig"; path = "Pods/Target Support Files/Pods-JSPatchDemo-Swift/Pods-JSPatchDemo-Swift.release.xcconfig"; sourceTree = "<group>"; };
		F97ACC94E9D42EAF524FA128 /* Pods-JSPatchDemo-Swift.debug.xcconfig */ = {isa = PBXFileReference; includeInIndex = 1; lastKnownFileType = text.xcconfig; name = "Pods-JSPatchDemo-Swift.debug.xcconfig"; path = "Pods/Target Support Files/Pods-JSPatchDemo-Swift/Pods-JSPatchDemo-Swift.debug.xcconfig"; sourceTree = "<group>"; };
/* End PBXFileReference section */

/* Begin PBXFrameworksBuildPhase section */
		2D26FCF41E236C47006D75F4 /* Frameworks */ = {
			isa = PBXFrameworksBuildPhase;
			buildActionMask = 2147483647;
			files = (
				2D26FD1D1E236E25006D75F4 /* libz.tbd in Frameworks */,
				2D26FD1B1E236E1F006D75F4 /* JavaScriptCore.framework in Frameworks */,
				3A8A09C30F0716721E24D1ED /* Pods_JSPatchDemo_Swift.framework in Frameworks */,
			);
			runOnlyForDeploymentPostprocessing = 0;
		};
		2D26FD081E236C47006D75F4 /* Frameworks */ = {
			isa = PBXFrameworksBuildPhase;
			buildActionMask = 2147483647;
			files = (
			);
			runOnlyForDeploymentPostprocessing = 0;
		};
/* End PBXFrameworksBuildPhase section */

/* Begin PBXGroup section */
		1B13BAB8158E705E2E030D5C /* Pods */ = {
			isa = PBXGroup;
			children = (
				F97ACC94E9D42EAF524FA128 /* Pods-JSPatchDemo-Swift.debug.xcconfig */,
				DC7ACA80A57CAAAC6A0B53E9 /* Pods-JSPatchDemo-Swift.release.xcconfig */,
			);
			name = Pods;
			sourceTree = "<group>";
		};
		2D26FCEE1E236C47006D75F4 = {
			isa = PBXGroup;
			children = (
				2D26FCF91E236C47006D75F4 /* JSPatchDemo-Swift */,
				2D26FD0E1E236C47006D75F4 /* JSPatchDemo-SwiftUITests */,
				2D26FCF81E236C47006D75F4 /* Products */,
				1B13BAB8158E705E2E030D5C /* Pods */,
				9C49AF2B77863039251AC1E0 /* Frameworks */,
			);
			sourceTree = "<group>";
		};
		2D26FCF81E236C47006D75F4 /* Products */ = {
			isa = PBXGroup;
			children = (
				2D26FCF71E236C47006D75F4 /* JSPatchDemo-Swift.app */,
				2D26FD0B1E236C47006D75F4 /* JSPatchDemo-SwiftUITests.xctest */,
			);
			name = Products;
			sourceTree = "<group>";
		};
		2D26FCF91E236C47006D75F4 /* JSPatchDemo-Swift */ = {
			isa = PBXGroup;
			children = (
				2D26FCFA1E236C47006D75F4 /* AppDelegate.swift */,
				2D26FCFC1E236C47006D75F4 /* ViewController.swift */,
				2D26FCFE1E236C47006D75F4 /* Main.storyboard */,
				2D26FD011E236C47006D75F4 /* Assets.xcassets */,
				2D26FD031E236C47006D75F4 /* LaunchScreen.storyboard */,
				2D26FD061E236C47006D75F4 /* Info.plist */,
			);
			path = "JSPatchDemo-Swift";
			sourceTree = "<group>";
		};
		2D26FD0E1E236C47006D75F4 /* JSPatchDemo-SwiftUITests */ = {
			isa = PBXGroup;
			children = (
				2D26FD0F1E236C47006D75F4 /* JSPatchDemo_SwiftUITests.swift */,
				2D26FD111E236C47006D75F4 /* Info.plist */,
			);
			path = "JSPatchDemo-SwiftUITests";
			sourceTree = "<group>";
		};
		9C49AF2B77863039251AC1E0 /* Frameworks */ = {
			isa = PBXGroup;
			children = (
				2D26FD1C1E236E25006D75F4 /* libz.tbd */,
				2D26FD1A1E236E1F006D75F4 /* JavaScriptCore.framework */,
				B583FCBF333FEBD38763842A /* Pods_JSPatchDemo_Swift.framework */,
			);
			name = Frameworks;
			sourceTree = "<group>";
		};
/* End PBXGroup section */

/* Begin PBXNativeTarget section */
		2D26FCF61E236C47006D75F4 /* JSPatchDemo-Swift */ = {
			isa = PBXNativeTarget;
			buildConfigurationList = 2D26FD141E236C47006D75F4 /* Build configuration list for PBXNativeTarget "JSPatchDemo-Swift" */;
			buildPhases = (
				3D873953C8DC83BA401D24B9 /* [CP] Check Pods Manifest.lock */,
				2D26FCF31E236C47006D75F4 /* Sources */,
				2D26FCF41E236C47006D75F4 /* Frameworks */,
				2D26FCF51E236C47006D75F4 /* Resources */,
				1AFD52C633E5F56B70B4E52F /* [CP] Embed Pods Frameworks */,
				2BD65EE45F7090EDF1B116C2 /* [CP] Copy Pods Resources */,
			);
			buildRules = (
			);
			dependencies = (
			);
			name = "JSPatchDemo-Swift";
			productName = "JSPatchDemo-Swift";
			productReference = 2D26FCF71E236C47006D75F4 /* JSPatchDemo-Swift.app */;
			productType = "com.apple.product-type.application";
		};
		2D26FD0A1E236C47006D75F4 /* JSPatchDemo-SwiftUITests */ = {
			isa = PBXNativeTarget;
			buildConfigurationList = 2D26FD171E236C47006D75F4 /* Build configuration list for PBXNativeTarget "JSPatchDemo-SwiftUITests" */;
			buildPhases = (
				2D26FD071E236C47006D75F4 /* Sources */,
				2D26FD081E236C47006D75F4 /* Frameworks */,
				2D26FD091E236C47006D75F4 /* Resources */,
			);
			buildRules = (
			);
			dependencies = (
				2D26FD0D1E236C47006D75F4 /* PBXTargetDependency */,
			);
			name = "JSPatchDemo-SwiftUITests";
			productName = "JSPatchDemo-SwiftUITests";
			productReference = 2D26FD0B1E236C47006D75F4 /* JSPatchDemo-SwiftUITests.xctest */;
			productType = "com.apple.product-type.bundle.ui-testing";
		};
/* End PBXNativeTarget section */

/* Begin PBXProject section */
		2D26FCEF1E236C47006D75F4 /* Project object */ = {
			isa = PBXProject;
			attributes = {
				LastSwiftUpdateCheck = 0820;
				LastUpgradeCheck = 0820;
				ORGANIZATIONNAME = "陈旭";
				TargetAttributes = {
					2D26FCF61E236C47006D75F4 = {
						CreatedOnToolsVersion = 8.2;
						DevelopmentTeam = B4WSDTADTT;
						ProvisioningStyle = Automatic;
						SystemCapabilities = {
							com.apple.Keychain = {
								enabled = 0;
							};
						};
					};
					2D26FD0A1E236C47006D75F4 = {
						CreatedOnToolsVersion = 8.2;
						ProvisioningStyle = Automatic;
						TestTargetID = 2D26FCF61E236C47006D75F4;
					};
				};
			};
			buildConfigurationList = 2D26FCF21E236C47006D75F4 /* Build configuration list for PBXProject "JSPatchDemo-Swift" */;
			compatibilityVersion = "Xcode 3.2";
			developmentRegion = English;
			hasScannedForEncodings = 0;
			knownRegions = (
				en,
				Base,
			);
			mainGroup = 2D26FCEE1E236C47006D75F4;
			productRefGroup = 2D26FCF81E236C47006D75F4 /* Products */;
			projectDirPath = "";
			projectRoot = "";
			targets = (
				2D26FCF61E236C47006D75F4 /* JSPatchDemo-Swift */,
				2D26FD0A1E236C47006D75F4 /* JSPatchDemo-SwiftUITests */,
			);
		};
/* End PBXProject section */

/* Begin PBXResourcesBuildPhase section */
		2D26FCF51E236C47006D75F4 /* Resources */ = {
			isa = PBXResourcesBuildPhase;
			buildActionMask = 2147483647;
			files = (
				2D26FD051E236C47006D75F4 /* LaunchScreen.storyboard in Resources */,
				2D26FD021E236C47006D75F4 /* Assets.xcassets in Resources */,
				2D26FD001E236C47006D75F4 /* Main.storyboard in Resources */,
			);
			runOnlyForDeploymentPostprocessing = 0;
		};
		2D26FD091E236C47006D75F4 /* Resources */ = {
			isa = PBXResourcesBuildPhase;
			buildActionMask = 2147483647;
			files = (
			);
			runOnlyForDeploymentPostprocessing = 0;
		};
/* End PBXResourcesBuildPhase section */

/* Begin PBXShellScriptBuildPhase section */
		1AFD52C633E5F56B70B4E52F /* [CP] Embed Pods Frameworks */ = {
			isa = PBXShellScriptBuildPhase;
			buildActionMask = 2147483647;
			files = (
			);
			inputPaths = (
			);
			name = "[CP] Embed Pods Frameworks";
			outputPaths = (
			);
			runOnlyForDeploymentPostprocessing = 0;
			shellPath = /bin/sh;
			shellScript = "\"${SRCROOT}/Pods/Target Support Files/Pods-JSPatchDemo-Swift/Pods-JSPatchDemo-Swift-frameworks.sh\"\n";
			showEnvVarsInLog = 0;
		};
		2BD65EE45F7090EDF1B116C2 /* [CP] Copy Pods Resources */ = {
			isa = PBXShellScriptBuildPhase;
			buildActionMask = 2147483647;
			files = (
			);
			inputPaths = (
			);
			name = "[CP] Copy Pods Resources";
			outputPaths = (
			);
			runOnlyForDeploymentPostprocessing = 0;
			shellPath = /bin/sh;
			shellScript = "\"${SRCROOT}/Pods/Target Support Files/Pods-JSPatchDemo-Swift/Pods-JSPatchDemo-Swift-resources.sh\"\n";
			showEnvVarsInLog = 0;
		};
		3D873953C8DC83BA401D24B9 /* [CP] Check Pods Manifest.lock */ = {
			isa = PBXShellScriptBuildPhase;
			buildActionMask = 2147483647;
			files = (
			);
			inputPaths = (
			);
			name = "[CP] Check Pods Manifest.lock";
			outputPaths = (
			);
			runOnlyForDeploymentPostprocessing = 0;
			shellPath = /bin/sh;
			shellScript = "diff \"${PODS_ROOT}/../Podfile.lock\" \"${PODS_ROOT}/Manifest.lock\" > /dev/null\nif [ $? != 0 ] ; then\n    # print error to STDERR\n    echo \"error: The sandbox is not in sync with the Podfile.lock. Run 'pod install' or update your CocoaPods installation.\" >&2\n    exit 1\nfi\n";
			showEnvVarsInLog = 0;
		};
/* End PBXShellScriptBuildPhase section */

/* Begin PBXSourcesBuildPhase section */
		2D26FCF31E236C47006D75F4 /* Sources */ = {
			isa = PBXSourcesBuildPhase;
			buildActionMask = 2147483647;
			files = (
				2D26FCFD1E236C47006D75F4 /* ViewController.swift in Sources */,
				2D26FCFB1E236C47006D75F4 /* AppDelegate.swift in Sources */,
			);
			runOnlyForDeploymentPostprocessing = 0;
		};
		2D26FD071E236C47006D75F4 /* Sources */ = {
			isa = PBXSourcesBuildPhase;
			buildActionMask = 2147483647;
			files = (
				2D26FD101E236C47006D75F4 /* JSPatchDemo_SwiftUITests.swift in Sources */,
			);
			runOnlyForDeploymentPostprocessing = 0;
		};
/* End PBXSourcesBuildPhase section */

/* Begin PBXTargetDependency section */
		2D26FD0D1E236C47006D75F4 /* PBXTargetDependency */ = {
			isa = PBXTargetDependency;
			target = 2D26FCF61E236C47006D75F4 /* JSPatchDemo-Swift */;
			targetProxy = 2D26FD0C1E236C47006D75F4 /* PBXContainerItemProxy */;
		};
/* End PBXTargetDependency section */

/* Begin PBXVariantGroup section */
		2D26FCFE1E236C47006D75F4 /* Main.storyboard */ = {
			isa = PBXVariantGroup;
			children = (
				2D26FCFF1E236C47006D75F4 /* Base */,
			);
			name = Main.storyboard;
			sourceTree = "<group>";
		};
		2D26FD031E236C47006D75F4 /* LaunchScreen.storyboard */ = {
			isa = PBXVariantGroup;
			children = (
				2D26FD041E236C47006D75F4 /* Base */,
			);
			name = LaunchScreen.storyboard;
			sourceTree = "<group>";
		};
/* End PBXVariantGroup section */

/* Begin XCBuildConfiguration section */
		2D26FD121E236C47006D75F4 /* Debug */ = {
			isa = XCBuildConfiguration;
			buildSettings = {
				ALWAYS_SEARCH_USER_PATHS = NO;
				CLANG_ANALYZER_NONNULL = YES;
				CLANG_CXX_LANGUAGE_STANDARD = "gnu++0x";
				CLANG_CXX_LIBRARY = "libc++";
				CLANG_ENABLE_MODULES = YES;
				CLANG_ENABLE_OBJC_ARC = YES;
				CLANG_WARN_BOOL_CONVERSION = YES;
				CLANG_WARN_CONSTANT_CONVERSION = YES;
				CLANG_WARN_DIRECT_OBJC_ISA_USAGE = YES_ERROR;
				CLANG_WARN_DOCUMENTATION_COMMENTS = YES;
				CLANG_WARN_EMPTY_BODY = YES;
				CLANG_WARN_ENUM_CONVERSION = YES;
				CLANG_WARN_INFINITE_RECURSION = YES;
				CLANG_WARN_INT_CONVERSION = YES;
				CLANG_WARN_OBJC_ROOT_CLASS = YES_ERROR;
				CLANG_WARN_SUSPICIOUS_MOVE = YES;
				CLANG_WARN_UNREACHABLE_CODE = YES;
				CLANG_WARN__DUPLICATE_METHOD_MATCH = YES;
				"CODE_SIGN_IDENTITY[sdk=iphoneos*]" = "iPhone Developer";
				COPY_PHASE_STRIP = NO;
				DEBUG_INFORMATION_FORMAT = dwarf;
				ENABLE_STRICT_OBJC_MSGSEND = YES;
				ENABLE_TESTABILITY = YES;
				GCC_C_LANGUAGE_STANDARD = gnu99;
				GCC_DYNAMIC_NO_PIC = NO;
				GCC_NO_COMMON_BLOCKS = YES;
				GCC_OPTIMIZATION_LEVEL = 0;
				GCC_PREPROCESSOR_DEFINITIONS = (
					"DEBUG=1",
					"$(inherited)",
				);
				GCC_WARN_64_TO_32_BIT_CONVERSION = YES;
				GCC_WARN_ABOUT_RETURN_TYPE = YES_ERROR;
				GCC_WARN_UNDECLARED_SELECTOR = YES;
				GCC_WARN_UNINITIALIZED_AUTOS = YES_AGGRESSIVE;
				GCC_WARN_UNUSED_FUNCTION = YES;
				GCC_WARN_UNUSED_VARIABLE = YES;
				IPHONEOS_DEPLOYMENT_TARGET = 10.2;
				MTL_ENABLE_DEBUG_INFO = YES;
				ONLY_ACTIVE_ARCH = YES;
				SDKROOT = iphoneos;
				SWIFT_ACTIVE_COMPILATION_CONDITIONS = DEBUG;
				SWIFT_OPTIMIZATION_LEVEL = "-Onone";
			};
			name = Debug;
		};
		2D26FD131E236C47006D75F4 /* Release */ = {
			isa = XCBuildConfiguration;
			buildSettings = {
				ALWAYS_SEARCH_USER_PATHS = NO;
				CLANG_ANALYZER_NONNULL = YES;
				CLANG_CXX_LANGUAGE_STANDARD = "gnu++0x";
				CLANG_CXX_LIBRARY = "libc++";
				CLANG_ENABLE_MODULES = YES;
				CLANG_ENABLE_OBJC_ARC = YES;
				CLANG_WARN_BOOL_CONVERSION = YES;
				CLANG_WARN_CONSTANT_CONVERSION = YES;
				CLANG_WARN_DIRECT_OBJC_ISA_USAGE = YES_ERROR;
				CLANG_WARN_DOCUMENTATION_COMMENTS = YES;
				CLANG_WARN_EMPTY_BODY = YES;
				CLANG_WARN_ENUM_CONVERSION = YES;
				CLANG_WARN_INFINITE_RECURSION = YES;
				CLANG_WARN_INT_CONVERSION = YES;
				CLANG_WARN_OBJC_ROOT_CLASS = YES_ERROR;
				CLANG_WARN_SUSPICIOUS_MOVE = YES;
				CLANG_WARN_UNREACHABLE_CODE = YES;
				CLANG_WARN__DUPLICATE_METHOD_MATCH = YES;
				"CODE_SIGN_IDENTITY[sdk=iphoneos*]" = "iPhone Developer";
				COPY_PHASE_STRIP = NO;
				DEBUG_INFORMATION_FORMAT = "dwarf-with-dsym";
				ENABLE_NS_ASSERTIONS = NO;
				ENABLE_STRICT_OBJC_MSGSEND = YES;
				GCC_C_LANGUAGE_STANDARD = gnu99;
				GCC_NO_COMMON_BLOCKS = YES;
				GCC_WARN_64_TO_32_BIT_CONVERSION = YES;
				GCC_WARN_ABOUT_RETURN_TYPE = YES_ERROR;
				GCC_WARN_UNDECLARED_SELECTOR = YES;
				GCC_WARN_UNINITIALIZED_AUTOS = YES_AGGRESSIVE;
				GCC_WARN_UNUSED_FUNCTION = YES;
				GCC_WARN_UNUSED_VARIABLE = YES;
				IPHONEOS_DEPLOYMENT_TARGET = 10.2;
				MTL_ENABLE_DEBUG_INFO = NO;
				SDKROOT = iphoneos;
				SWIFT_OPTIMIZATION_LEVEL = "-Owholemodule";
				VALIDATE_PRODUCT = YES;
			};
			name = Release;
		};
		2D26FD151E236C47006D75F4 /* Debug */ = {
			isa = XCBuildConfiguration;
			baseConfigurationReference = F97ACC94E9D42EAF524FA128 /* Pods-JSPatchDemo-Swift.debug.xcconfig */;
			buildSettings = {
				ASSETCATALOG_COMPILER_APPICON_NAME = AppIcon;
				DEVELOPMENT_TEAM = B4WSDTADTT;
				INFOPLIST_FILE = "JSPatchDemo-Swift/Info.plist";
				LD_RUNPATH_SEARCH_PATHS = "$(inherited) @executable_path/Frameworks";
				PRODUCT_BUNDLE_IDENTIFIER = "WOW.JSPatchDemo-Swift";
				PRODUCT_NAME = "$(TARGET_NAME)";
				SWIFT_VERSION = 3.0;
			};
			name = Debug;
		};
		2D26FD161E236C47006D75F4 /* Release */ = {
			isa = XCBuildConfiguration;
			baseConfigurationReference = DC7ACA80A57CAAAC6A0B53E9 /* Pods-JSPatchDemo-Swift.release.xcconfig */;
			buildSettings = {
				ASSETCATALOG_COMPILER_APPICON_NAME = AppIcon;
				DEVELOPMENT_TEAM = B4WSDTADTT;
				INFOPLIST_FILE = "JSPatchDemo-Swift/Info.plist";
				LD_RUNPATH_SEARCH_PATHS = "$(inherited) @executable_path/Frameworks";
				PRODUCT_BUNDLE_IDENTIFIER = "WOW.JSPatchDemo-Swift";
				PRODUCT_NAME = "$(TARGET_NAME)";
				SWIFT_VERSION = 3.0;
			};
			name = Release;
		};
		2D26FD181E236C47006D75F4 /* Debug */ = {
			isa = XCBuildConfiguration;
			buildSettings = {
				ALWAYS_EMBED_SWIFT_STANDARD_LIBRARIES = YES;
				INFOPLIST_FILE = "JSPatchDemo-SwiftUITests/Info.plist";
				LD_RUNPATH_SEARCH_PATHS = "$(inherited) @executable_path/Frameworks @loader_path/Frameworks";
				PRODUCT_BUNDLE_IDENTIFIER = "WOW.JSPatchDemo-SwiftUITests";
				PRODUCT_NAME = "$(TARGET_NAME)";
				SWIFT_VERSION = 3.0;
				TEST_TARGET_NAME = "JSPatchDemo-Swift";
			};
			name = Debug;
		};
		2D26FD191E236C47006D75F4 /* Release */ = {
			isa = XCBuildConfiguration;
			buildSettings = {
				ALWAYS_EMBED_SWIFT_STANDARD_LIBRARIES = YES;
				INFOPLIST_FILE = "JSPatchDemo-SwiftUITests/Info.plist";
				LD_RUNPATH_SEARCH_PATHS = "$(inherited) @executable_path/Frameworks @loader_path/Frameworks";
				PRODUCT_BUNDLE_IDENTIFIER = "WOW.JSPatchDemo-SwiftUITests";
				PRODUCT_NAME = "$(TARGET_NAME)";
				SWIFT_VERSION = 3.0;
				TEST_TARGET_NAME = "JSPatchDemo-Swift";
			};
			name = Release;
		};
/* End XCBuildConfiguration section */

/* Begin XCConfigurationList section */
		2D26FCF21E236C47006D75F4 /* Build configuration list for PBXProject "JSPatchDemo-Swift" */ = {
			isa = XCConfigurationList;
			buildConfigurations = (
				2D26FD121E236C47006D75F4 /* Debug */,
				2D26FD131E236C47006D75F4 /* Release */,
			);
			defaultConfigurationIsVisible = 0;
			defaultConfigurationName = Release;
		};
		2D26FD141E236C47006D75F4 /* Build configuration list for PBXNativeTarget "JSPatchDemo-Swift" */ = {
			isa = XCConfigurationList;
			buildConfigurations = (
				2D26FD151E236C47006D75F4 /* Debug */,
				2D26FD161E236C47006D75F4 /* Release */,
			);
			defaultConfigurationIsVisible = 0;
			defaultConfigurationName = Release;
		};
		2D26FD171E236C47006D75F4 /* Build configuration list for PBXNativeTarget "JSPatchDemo-SwiftUITests" */ = {
			isa = XCConfigurationList;
			buildConfigurations = (
				2D26FD181E236C47006D75F4 /* Debug */,
				2D26FD191E236C47006D75F4 /* Release */,
			);
			defaultConfigurationIsVisible = 0;
			defaultConfigurationName = Release;
		};
/* End XCConfigurationList section */
	};
	rootObject = 2D26FCEF1E236C47006D75F4 /* Project object */;
}
