// !$*UTF8*$!
{
	archiveVersion = 1;
	classes = {
	};
	objectVersion = 46;
	objects = {

/* Begin PBXBuildFile section */
		2D4E49171EA074C600A4F786 /* WOWCustormMessageView.swift in Sources */ = {isa = PBXBuildFile; fileRef = 2D4E49161EA074C600A4F786 /* WOWCustormMessageView.swift */; };
		2D562CD31E162E4700E702CE /* AppDelegate.swift in Sources */ = {isa = PBXBuildFile; fileRef = 2D562CD21E162E4700E702CE /* AppDelegate.swift */; };
		2D562CD51E162E4700E702CE /* ViewController.swift in Sources */ = {isa = PBXBuildFile; fileRef = 2D562CD41E162E4700E702CE /* ViewController.swift */; };
		2D562CD81E162E4700E702CE /* Main.storyboard in Resources */ = {isa = PBXBuildFile; fileRef = 2D562CD61E162E4700E702CE /* Main.storyboard */; };
		2D562CDA1E162E4700E702CE /* Assets.xcassets in Resources */ = {isa = PBXBuildFile; fileRef = 2D562CD91E162E4700E702CE /* Assets.xcassets */; };
		2D562CDD1E162E4700E702CE /* LaunchScreen.storyboard in Resources */ = {isa = PBXBuildFile; fileRef = 2D562CDB1E162E4700E702CE /* LaunchScreen.storyboard */; };
/* End PBXBuildFile section */

/* Begin PBXFileReference section */
		2D4E49161EA074C600A4F786 /* WOWCustormMessageView.swift */ = {isa = PBXFileReference; fileEncoding = 4; lastKnownFileType = sourcecode.swift; path = WOWCustormMessageView.swift; sourceTree = "<group>"; };
		2D562CCF1E162E4700E702CE /* aaa.app */ = {isa = PBXFileReference; explicitFileType = wrapper.application; includeInIndex = 0; path = aaa.app; sourceTree = BUILT_PRODUCTS_DIR; };
		2D562CD21E162E4700E702CE /* AppDelegate.swift */ = {isa = PBXFileReference; lastKnownFileType = sourcecode.swift; path = AppDelegate.swift; sourceTree = "<group>"; };
		2D562CD41E162E4700E702CE /* ViewController.swift */ = {isa = PBXFileReference; lastKnownFileType = sourcecode.swift; path = ViewController.swift; sourceTree = "<group>"; };
		2D562CD71E162E4700E702CE /* Base */ = {isa = PBXFileReference; lastKnownFileType = file.storyboard; name = Base; path = Base.lproj/Main.storyboard; sourceTree = "<group>"; };
		2D562CD91E162E4700E702CE /* Assets.xcassets */ = {isa = PBXFileReference; lastKnownFileType = folder.assetcatalog; path = Assets.xcassets; sourceTree = "<group>"; };
		2D562CDC1E162E4700E702CE /* Base */ = {isa = PBXFileReference; lastKnownFileType = file.storyboard; name = Base; path = Base.lproj/LaunchScreen.storyboard; sourceTree = "<group>"; };
		2D562CDE1E162E4700E702CE /* Info.plist */ = {isa = PBXFileReference; lastKnownFileType = text.plist.xml; path = Info.plist; sourceTree = "<group>"; };
/* End PBXFileReference section */

/* Begin PBXFrameworksBuildPhase section */
		2D562CCC1E162E4700E702CE /* Frameworks */ = {
			isa = PBXFrameworksBuildPhase;
			buildActionMask = 2147483647;
			files = (
			);
			runOnlyForDeploymentPostprocessing = 0;
		};
/* End PBXFrameworksBuildPhase section */

/* Begin PBXGroup section */
		2D562CC61E162E4700E702CE = {
			isa = PBXGroup;
			children = (
				2D562CD11E162E4700E702CE /* aaa */,
				2D562CD01E162E4700E702CE /* Products */,
			);
			sourceTree = "<group>";
		};
		2D562CD01E162E4700E702CE /* Products */ = {
			isa = PBXGroup;
			children = (
				2D562CCF1E162E4700E702CE /* aaa.app */,
			);
			name = Products;
			sourceTree = "<group>";
		};
		2D562CD11E162E4700E702CE /* aaa */ = {
			isa = PBXGroup;
			children = (
				2D562CD21E162E4700E702CE /* AppDelegate.swift */,
				2D562CD41E162E4700E702CE /* ViewController.swift */,
				2D4E49161EA074C600A4F786 /* WOWCustormMessageView.swift */,
				2D562CD61E162E4700E702CE /* Main.storyboard */,
				2D562CD91E162E4700E702CE /* Assets.xcassets */,
				2D562CDB1E162E4700E702CE /* LaunchScreen.storyboard */,
				2D562CDE1E162E4700E702CE /* Info.plist */,
			);
			path = aaa;
			sourceTree = "<group>";
		};
/* End PBXGroup section */

/* Begin PBXNativeTarget section */
		2D562CCE1E162E4700E702CE /* aaa */ = {
			isa = PBXNativeTarget;
			buildConfigurationList = 2D562CE11E162E4700E702CE /* Build configuration list for PBXNativeTarget "aaa" */;
			buildPhases = (
				2D562CCB1E162E4700E702CE /* Sources */,
				2D562CCC1E162E4700E702CE /* Frameworks */,
				2D562CCD1E162E4700E702CE /* Resources */,
			);
			buildRules = (
			);
			dependencies = (
			);
			name = aaa;
			productName = aaa;
			productReference = 2D562CCF1E162E4700E702CE /* aaa.app */;
			productType = "com.apple.product-type.application";
		};
/* End PBXNativeTarget section */

/* Begin PBXProject section */
		2D562CC71E162E4700E702CE /* Project object */ = {
			isa = PBXProject;
			attributes = {
				LastSwiftUpdateCheck = 0820;
				LastUpgradeCheck = 0820;
				ORGANIZATIONNAME = "陈旭";
				TargetAttributes = {
					2D562CCE1E162E4700E702CE = {
						CreatedOnToolsVersion = 8.2;
						ProvisioningStyle = Automatic;
					};
				};
			};
			buildConfigurationList = 2D562CCA1E162E4700E702CE /* Build configuration list for PBXProject "aaa" */;
			compatibilityVersion = "Xcode 3.2";
			developmentRegion = English;
			hasScannedForEncodings = 0;
			knownRegions = (
				en,
				Base,
			);
			mainGroup = 2D562CC61E162E4700E702CE;
			productRefGroup = 2D562CD01E162E4700E702CE /* Products */;
			projectDirPath = "";
			projectRoot = "";
			targets = (
				2D562CCE1E162E4700E702CE /* aaa */,
			);
		};
/* End PBXProject section */

/* Begin PBXResourcesBuildPhase section */
		2D562CCD1E162E4700E702CE /* Resources */ = {
			isa = PBXResourcesBuildPhase;
			buildActionMask = 2147483647;
			files = (
				2D562CDD1E162E4700E702CE /* LaunchScreen.storyboard in Resources */,
				2D562CDA1E162E4700E702CE /* Assets.xcassets in Resources */,
				2D562CD81E162E4700E702CE /* Main.storyboard in Resources */,
			);
			runOnlyForDeploymentPostprocessing = 0;
		};
/* End PBXResourcesBuildPhase section */

/* Begin PBXSourcesBuildPhase section */
		2D562CCB1E162E4700E702CE /* Sources */ = {
			isa = PBXSourcesBuildPhase;
			buildActionMask = 2147483647;
			files = (
				2D562CD51E162E4700E702CE /* ViewController.swift in Sources */,
				2D4E49171EA074C600A4F786 /* WOWCustormMessageView.swift in Sources */,
				2D562CD31E162E4700E702CE /* AppDelegate.swift in Sources */,
			);
			runOnlyForDeploymentPostprocessing = 0;
		};
/* End PBXSourcesBuildPhase section */

/* Begin PBXVariantGroup section */
		2D562CD61E162E4700E702CE /* Main.storyboard */ = {
			isa = PBXVariantGroup;
			children = (
				2D562CD71E162E4700E702CE /* Base */,
			);
			name = Main.storyboard;
			sourceTree = "<group>";
		};
		2D562CDB1E162E4700E702CE /* LaunchScreen.storyboard */ = {
			isa = PBXVariantGroup;
			children = (
				2D562CDC1E162E4700E702CE /* Base */,
			);
			name = LaunchScreen.storyboard;
			sourceTree = "<group>";
		};
/* End PBXVariantGroup section */

/* Begin XCBuildConfiguration section */
		2D562CDF1E162E4700E702CE /* Debug */ = {
			isa = XCBuildConfiguration;
			buildSettings = {
				ALWAYS_SEARCH_USER_PATHS = NO;
				CLANG_ANALYZER_NONNULL = YES;
				CLANG_CXX_LANGUAGE_STANDARD = "gnu++0x";
				CLANG_CXX_LIBRARY = "libc++";
				CLANG_ENABLE_MODULES = YES;
				CLANG_ENABLE_OBJC_ARC = YES;
				CLANG_WARN_BOOL_CONVERSION = YES;
				CLANG_WARN_CONSTANT_CONVERSION = YES;
				CLANG_WARN_DIRECT_OBJC_ISA_USAGE = YES_ERROR;
				CLANG_WARN_DOCUMENTATION_COMMENTS = YES;
				CLANG_WARN_EMPTY_BODY = YES;
				CLANG_WARN_ENUM_CONVERSION = YES;
				CLANG_WARN_INFINITE_RECURSION = YES;
				CLANG_WARN_INT_CONVERSION = YES;
				CLANG_WARN_OBJC_ROOT_CLASS = YES_ERROR;
				CLANG_WARN_SUSPICIOUS_MOVE = YES;
				CLANG_WARN_UNREACHABLE_CODE = YES;
				CLANG_WARN__DUPLICATE_METHOD_MATCH = YES;
				"CODE_SIGN_IDENTITY[sdk=iphoneos*]" = "iPhone Developer";
				COPY_PHASE_STRIP = NO;
				DEBUG_INFORMATION_FORMAT = dwarf;
				ENABLE_STRICT_OBJC_MSGSEND = YES;
				ENABLE_TESTABILITY = YES;
				GCC_C_LANGUAGE_STANDARD = gnu99;
				GCC_DYNAMIC_NO_PIC = NO;
				GCC_NO_COMMON_BLOCKS = YES;
				GCC_OPTIMIZATION_LEVEL = 0;
				GCC_PREPROCESSOR_DEFINITIONS = (
					"DEBUG=1",
					"$(inherited)",
				);
				GCC_WARN_64_TO_32_BIT_CONVERSION = YES;
				GCC_WARN_ABOUT_RETURN_TYPE = YES_ERROR;
				GCC_WARN_UNDECLARED_SELECTOR = YES;
				GCC_WARN_UNINITIALIZED_AUTOS = YES_AGGRESSIVE;
				GCC_WARN_UNUSED_FUNCTION = YES;
				GCC_WARN_UNUSED_VARIABLE = YES;
				IPHONEOS_DEPLOYMENT_TARGET = 10.2;
				MTL_ENABLE_DEBUG_INFO = YES;
				ONLY_ACTIVE_ARCH = YES;
				SDKROOT = iphoneos;
				SWIFT_ACTIVE_COMPILATION_CONDITIONS = DEBUG;
				SWIFT_OPTIMIZATION_LEVEL = "-Onone";
			};
			name = Debug;
		};
		2D562CE01E162E4700E702CE /* Release */ = {
			isa = XCBuildConfiguration;
			buildSettings = {
				ALWAYS_SEARCH_USER_PATHS = NO;
				CLANG_ANALYZER_NONNULL = YES;
				CLANG_CXX_LANGUAGE_STANDARD = "gnu++0x";
				CLANG_CXX_LIBRARY = "libc++";
				CLANG_ENABLE_MODULES = YES;
				CLANG_ENABLE_OBJC_ARC = YES;
				CLANG_WARN_BOOL_CONVERSION = YES;
				CLANG_WARN_CONSTANT_CONVERSION = YES;
				CLANG_WARN_DIRECT_OBJC_ISA_USAGE = YES_ERROR;
				CLANG_WARN_DOCUMENTATION_COMMENTS = YES;
				CLANG_WARN_EMPTY_BODY = YES;
				CLANG_WARN_ENUM_CONVERSION = YES;
				CLANG_WARN_INFINITE_RECURSION = YES;
				CLANG_WARN_INT_CONVERSION = YES;
				CLANG_WARN_OBJC_ROOT_CLASS = YES_ERROR;
				CLANG_WARN_SUSPICIOUS_MOVE = YES;
				CLANG_WARN_UNREACHABLE_CODE = YES;
				CLANG_WARN__DUPLICATE_METHOD_MATCH = YES;
				"CODE_SIGN_IDENTITY[sdk=iphoneos*]" = "iPhone Developer";
				COPY_PHASE_STRIP = NO;
				DEBUG_INFORMATION_FORMAT = "dwarf-with-dsym";
				ENABLE_NS_ASSERTIONS = NO;
				ENABLE_STRICT_OBJC_MSGSEND = YES;
				GCC_C_LANGUAGE_STANDARD = gnu99;
				GCC_NO_COMMON_BLOCKS = YES;
				GCC_WARN_64_TO_32_BIT_CONVERSION = YES;
				GCC_WARN_ABOUT_RETURN_TYPE = YES_ERROR;
				GCC_WARN_UNDECLARED_SELECTOR = YES;
				GCC_WARN_UNINITIALIZED_AUTOS = YES_AGGRESSIVE;
				GCC_WARN_UNUSED_FUNCTION = YES;
				GCC_WARN_UNUSED_VARIABLE = YES;
				IPHONEOS_DEPLOYMENT_TARGET = 10.2;
				MTL_ENABLE_DEBUG_INFO = NO;
				SDKROOT = iphoneos;
				SWIFT_OPTIMIZATION_LEVEL = "-Owholemodule";
				VALIDATE_PRODUCT = YES;
			};
			name = Release;
		};
		2D562CE21E162E4700E702CE /* Debug */ = {
			isa = XCBuildConfiguration;
			buildSettings = {
				ASSETCATALOG_COMPILER_APPICON_NAME = AppIcon;
				INFOPLIST_FILE = aaa/Info.plist;
				LD_RUNPATH_SEARCH_PATHS = "$(inherited) @executable_path/Frameworks";
				PRODUCT_BUNDLE_IDENTIFIER = WOW.aaa;
				PRODUCT_NAME = "$(TARGET_NAME)";
				SWIFT_VERSION = 3.0;
			};
			name = Debug;
		};
		2D562CE31E162E4700E702CE /* Release */ = {
			isa = XCBuildConfiguration;
			buildSettings = {
				ASSETCATALOG_COMPILER_APPICON_NAME = AppIcon;
				INFOPLIST_FILE = aaa/Info.plist;
				LD_RUNPATH_SEARCH_PATHS = "$(inherited) @executable_path/Frameworks";
				PRODUCT_BUNDLE_IDENTIFIER = WOW.aaa;
				PRODUCT_NAME = "$(TARGET_NAME)";
				SWIFT_VERSION = 3.0;
			};
			name = Release;
		};
/* End XCBuildConfiguration section */

/* Begin XCConfigurationList section */
		2D562CCA1E162E4700E702CE /* Build configuration list for PBXProject "aaa" */ = {
			isa = XCConfigurationList;
			buildConfigurations = (
				2D562CDF1E162E4700E702CE /* Debug */,
				2D562CE01E162E4700E702CE /* Release */,
			);
			defaultConfigurationIsVisible = 0;
			defaultConfigurationName = Release;
		};
		2D562CE11E162E4700E702CE /* Build configuration list for PBXNativeTarget "aaa" */ = {
			isa = XCConfigurationList;
			buildConfigurations = (
				2D562CE21E162E4700E702CE /* Debug */,
				2D562CE31E162E4700E702CE /* Release */,
			);
			defaultConfigurationIsVisible = 0;
			defaultConfigurationName = Release;
		};
/* End XCConfigurationList section */
	};
	rootObject = 2D562CC71E162E4700E702CE /* Project object */;
}
